
Microsoft Visual Studio Solution File, Format Version 12.00
# Visual Studio Version 17
VisualStudioVersion = 17.8.34330.188
MinimumVisualStudioVersion = 10.0.40219.1
Project("{FAE04EC0-301F-11D3-BF4B-00C04F79EFBC}") = "EnterTheConsole", "EnterTheConsole\EnterTheConsole.csproj", "{C648CF04-BE0C-4A87-98C8-07FDB61755EB}"
EndProject
Global
	GlobalSection(SolutionConfigurationPlatforms) = preSolution
		Debug|Any CPU = Debug|Any CPU
		Release|Any CPU = Release|Any CPU
	EndGlobalSection
	GlobalSection(ProjectConfigurationPlatforms) = postSolution
		{C648CF04-BE0C-4A87-98C8-07FDB61755EB}.Debug|Any CPU.ActiveCfg = Debug|Any CPU
		{C648CF04-BE0C-4A87-98C8-07FDB61755EB}.Debug|Any CPU.Build.0 = Debug|Any CPU
		{C648CF04-BE0C-4A87-98C8-07FDB61755EB}.Release|Any CPU.ActiveCfg = Release|Any CPU
		{C648CF04-BE0C-4A87-98C8-07FDB61755EB}.Release|Any CPU.Build.0 = Release|Any CPU
	EndGlobalSection
	GlobalSection(SolutionProperties) = preSolution
		HideSolutionNode = FALSE
	EndGlobalSection
	GlobalSection(ExtensibilityGlobals) = postSolution
		SolutionGuid = {F84CEE4F-7125-4B5D-AAA0-7ED791FB6C5C}
	EndGlobalSection
EndGlobal
